<?xml version="1.0" encoding="utf-8"?>
<Project ToolsVersion="4.0" xmlns="http://schemas.microsoft.com/developer/msbuild/2003">
  <ItemGroup>
    <Filter Include="Utility">
      <UniqueIdentifier>{c7afc4d4-bb99-41c5-b156-77344b30f847}</UniqueIdentifier>
    </Filter>
    <Filter Include="Managers">
      <UniqueIdentifier>{9f7ae799-40b2-4b4c-89c5-ed05fbb3a56c}</UniqueIdentifier>
    </Filter>
  </ItemGroup>
  <ItemGroup>
    <ClCompile Include="main.cpp" />
    <ClCompile Include="MainServer.cpp" />
    <ClCompile Include="LobbyManager.cpp">
      <Filter>Managers</Filter>
    </ClCompile>
    <ClCompile Include="LogUtil.cpp">
      <Filter>Utility</Filter>
    </ClCompile>
    <ClCompile Include="MatchMaker.cpp" />
  </ItemGroup>
  <ItemGroup>
    <ClInclude Include="MainServer.h" />
    <ClInclude Include="Slngleton.h">
      <Filter>Utility</Filter>
    </ClInclude>
    <ClInclude Include="LobbyManager.h">
      <Filter>Managers</Filter>
    </ClInclude>
    <ClInclude Include="global.h" />
    <ClInclude Include="AutoCall.hpp">
      <Filter>Utility</Filter>
    </ClInclude>
    <ClInclude Include="LogUtil.h">
      <Filter>Utility</Filter>
    </ClInclude>
    <ClInclude Include="MatchMaker.h" />
  </ItemGroup>
</Project>